
Microsoft Visual Studio Solution File, Format Version 12.00
# Visual Studio Version 16
VisualStudioVersion = 16.0.29709.97
MinimumVisualStudioVersion = 10.0.40219.1
Project("{9A19103F-16F7-4668-BE54-9A1E7A4F7556}") = "ClientTests", "UnitTests\ClientTests.csproj", "{A0BC4915-EE92-4275-BE4C-06AA6D94DE2F}"
EndProject
Project("{9A19103F-16F7-4668-BE54-9A1E7A4F7556}") = "Shared", "PlannerApp.Core\Shared.csproj", "{77E2EC0F-6A92-425B-AD55-9B673B7C1D09}"
EndProject
Project("{2150E333-8FDC-42A3-9474-1A3956D46DE8}") = "Solution Items", "Solution Items", "{A3544A2B-5CB0-41AC-B05B-D15ACE4EB46F}"
	ProjectSection(SolutionItems) = preProject
		.dockerignore = .dockerignore
		.editorconfig = .editorconfig
		app.yaml = app.yaml
		PlannerApp.Server\Dockerfile = PlannerApp.Server\Dockerfile
	EndProjectSection
EndProject
Project("{9A19103F-16F7-4668-BE54-9A1E7A4F7556}") = "UIComponents", "UIComponents\UIComponents.csproj", "{AE277F6E-CC76-4368-A8B3-9C60A699EE0F}"
EndProject
Project("{9A19103F-16F7-4668-BE54-9A1E7A4F7556}") = "Domain", "Domain\Domain.csproj", "{95C2B33C-5025-4701-9099-8C1558308F3C}"
EndProject
Project("{9A19103F-16F7-4668-BE54-9A1E7A4F7556}") = "Application", "Application\Application.csproj", "{EFF1EE5A-33AF-4D17-AE08-1EF86021E0DB}"
EndProject
Project("{9A19103F-16F7-4668-BE54-9A1E7A4F7556}") = "PresentationServer", "PresentationServer\PresentationServer.csproj", "{9C953D31-B688-4A41-B824-2789997504A6}"
EndProject
Project("{9A19103F-16F7-4668-BE54-9A1E7A4F7556}") = "Persistence", "Persistence\Persistence.csproj", "{C75CCECA-07A2-436C-ADB2-E90AFF2EBF8E}"
EndProject
Project("{9A19103F-16F7-4668-BE54-9A1E7A4F7556}") = "Infrastructure", "Infrastructure\Infrastructure.csproj", "{AB24A9F0-7C12-4DE8-B074-2DD166A55C3A}"
EndProject
Project("{9A19103F-16F7-4668-BE54-9A1E7A4F7556}") = "ClientApp", "ClientApp\ClientApp.csproj", "{20FC2940-62B8-41B1-AA15-400DA8146A6D}"
EndProject
Project("{FAE04EC0-301F-11D3-BF4B-00C04F79EFBC}") = "AcceptanceTests", "AcceptanceTests\AcceptanceTests.csproj", "{2ED6586D-BA37-48AF-8DE0-E87505AD1F6C}"
EndProject
Global
	GlobalSection(SolutionConfigurationPlatforms) = preSolution
		Debug|Any CPU = Debug|Any CPU
		Release|Any CPU = Release|Any CPU
	EndGlobalSection
	GlobalSection(ProjectConfigurationPlatforms) = postSolution
		{A0BC4915-EE92-4275-BE4C-06AA6D94DE2F}.Debug|Any CPU.ActiveCfg = Debug|Any CPU
		{A0BC4915-EE92-4275-BE4C-06AA6D94DE2F}.Debug|Any CPU.Build.0 = Debug|Any CPU
		{A0BC4915-EE92-4275-BE4C-06AA6D94DE2F}.Release|Any CPU.ActiveCfg = Release|Any CPU
		{A0BC4915-EE92-4275-BE4C-06AA6D94DE2F}.Release|Any CPU.Build.0 = Release|Any CPU
		{77E2EC0F-6A92-425B-AD55-9B673B7C1D09}.Debug|Any CPU.ActiveCfg = Debug|Any CPU
		{77E2EC0F-6A92-425B-AD55-9B673B7C1D09}.Debug|Any CPU.Build.0 = Debug|Any CPU
		{77E2EC0F-6A92-425B-AD55-9B673B7C1D09}.Release|Any CPU.ActiveCfg = Release|Any CPU
		{77E2EC0F-6A92-425B-AD55-9B673B7C1D09}.Release|Any CPU.Build.0 = Release|Any CPU
		{AE277F6E-CC76-4368-A8B3-9C60A699EE0F}.Debug|Any CPU.ActiveCfg = Debug|Any CPU
		{AE277F6E-CC76-4368-A8B3-9C60A699EE0F}.Debug|Any CPU.Build.0 = Debug|Any CPU
		{AE277F6E-CC76-4368-A8B3-9C60A699EE0F}.Release|Any CPU.ActiveCfg = Release|Any CPU
		{AE277F6E-CC76-4368-A8B3-9C60A699EE0F}.Release|Any CPU.Build.0 = Release|Any CPU
		{95C2B33C-5025-4701-9099-8C1558308F3C}.Debug|Any CPU.ActiveCfg = Debug|Any CPU
		{95C2B33C-5025-4701-9099-8C1558308F3C}.Debug|Any CPU.Build.0 = Debug|Any CPU
		{95C2B33C-5025-4701-9099-8C1558308F3C}.Release|Any CPU.ActiveCfg = Release|Any CPU
		{95C2B33C-5025-4701-9099-8C1558308F3C}.Release|Any CPU.Build.0 = Release|Any CPU
		{EFF1EE5A-33AF-4D17-AE08-1EF86021E0DB}.Debug|Any CPU.ActiveCfg = Debug|Any CPU
		{EFF1EE5A-33AF-4D17-AE08-1EF86021E0DB}.Debug|Any CPU.Build.0 = Debug|Any CPU
		{EFF1EE5A-33AF-4D17-AE08-1EF86021E0DB}.Release|Any CPU.ActiveCfg = Release|Any CPU
		{EFF1EE5A-33AF-4D17-AE08-1EF86021E0DB}.Release|Any CPU.Build.0 = Release|Any CPU
		{9C953D31-B688-4A41-B824-2789997504A6}.Debug|Any CPU.ActiveCfg = Debug|Any CPU
		{9C953D31-B688-4A41-B824-2789997504A6}.Debug|Any CPU.Build.0 = Debug|Any CPU
		{9C953D31-B688-4A41-B824-2789997504A6}.Release|Any CPU.ActiveCfg = Release|Any CPU
		{9C953D31-B688-4A41-B824-2789997504A6}.Release|Any CPU.Build.0 = Release|Any CPU
		{C75CCECA-07A2-436C-ADB2-E90AFF2EBF8E}.Debug|Any CPU.ActiveCfg = Debug|Any CPU
		{C75CCECA-07A2-436C-ADB2-E90AFF2EBF8E}.Debug|Any CPU.Build.0 = Debug|Any CPU
		{C75CCECA-07A2-436C-ADB2-E90AFF2EBF8E}.Release|Any CPU.ActiveCfg = Release|Any CPU
		{C75CCECA-07A2-436C-ADB2-E90AFF2EBF8E}.Release|Any CPU.Build.0 = Release|Any CPU
		{AB24A9F0-7C12-4DE8-B074-2DD166A55C3A}.Debug|Any CPU.ActiveCfg = Debug|Any CPU
		{AB24A9F0-7C12-4DE8-B074-2DD166A55C3A}.Debug|Any CPU.Build.0 = Debug|Any CPU
		{AB24A9F0-7C12-4DE8-B074-2DD166A55C3A}.Release|Any CPU.ActiveCfg = Release|Any CPU
		{AB24A9F0-7C12-4DE8-B074-2DD166A55C3A}.Release|Any CPU.Build.0 = Release|Any CPU
		{20FC2940-62B8-41B1-AA15-400DA8146A6D}.Debug|Any CPU.ActiveCfg = Debug|Any CPU
		{20FC2940-62B8-41B1-AA15-400DA8146A6D}.Debug|Any CPU.Build.0 = Debug|Any CPU
		{20FC2940-62B8-41B1-AA15-400DA8146A6D}.Release|Any CPU.ActiveCfg = Release|Any CPU
		{20FC2940-62B8-41B1-AA15-400DA8146A6D}.Release|Any CPU.Build.0 = Release|Any CPU
		{2ED6586D-BA37-48AF-8DE0-E87505AD1F6C}.Debug|Any CPU.ActiveCfg = Debug|Any CPU
		{2ED6586D-BA37-48AF-8DE0-E87505AD1F6C}.Debug|Any CPU.Build.0 = Debug|Any CPU
		{2ED6586D-BA37-48AF-8DE0-E87505AD1F6C}.Release|Any CPU.ActiveCfg = Release|Any CPU
		{2ED6586D-BA37-48AF-8DE0-E87505AD1F6C}.Release|Any CPU.Build.0 = Release|Any CPU
	EndGlobalSection
	GlobalSection(SolutionProperties) = preSolution
		HideSolutionNode = FALSE
	EndGlobalSection
	GlobalSection(ExtensibilityGlobals) = postSolution
		SolutionGuid = {DB4F65E3-B7CB-4A2F-94EE-5D136A13A6E4}
	EndGlobalSection
EndGlobal
